
Microsoft Visual Studio Solution File, Format Version 12.00
# Visual Studio 15
VisualStudioVersion = 15.0.28010.2003
MinimumVisualStudioVersion = 10.0.40219.1
Project("{FAE04EC0-301F-11D3-BF4B-00C04F79EFBC}") = "OwinOauthAspNetWebApi", "OwinOauthAspNetWebApi\OwinOauthAspNetWebApi.csproj", "{4A829096-7F32-4CB7-93A8-4F467DE986DD}"
EndProject
Global
	GlobalSection(SolutionConfigurationPlatforms) = preSolution
		Debug|Any CPU = Debug|Any CPU
		Release|Any CPU = Release|Any CPU
	EndGlobalSection
	GlobalSection(ProjectConfigurationPlatforms) = postSolution
		{4A829096-7F32-4CB7-93A8-4F467DE986DD}.Debug|Any CPU.ActiveCfg = Debug|Any CPU
		{4A829096-7F32-4CB7-93A8-4F467DE986DD}.Debug|Any CPU.Build.0 = Debug|Any CPU
		{4A829096-7F32-4CB7-93A8-4F467DE986DD}.Release|Any CPU.ActiveCfg = Release|Any CPU
		{4A829096-7F32-4CB7-93A8-4F467DE986DD}.Release|Any CPU.Build.0 = Release|Any CPU
	EndGlobalSection
	GlobalSection(SolutionProperties) = preSolution
		HideSolutionNode = FALSE
	EndGlobalSection
	GlobalSection(ExtensibilityGlobals) = postSolution
		SolutionGuid = {44379220-FDD0-4093-924E-735D6FE62396}
	EndGlobalSection
EndGlobal
